
Microsoft Visual Studio Solution File, Format Version 12.00
# Visual Studio Version 16
VisualStudioVersion = 16.0.29102.190
MinimumVisualStudioVersion = 10.0.40219.1
Project("{9A19103F-16F7-4668-BE54-9A1E7A4F7556}") = "MyVet.Common", "MyVet.Common\MyVet.Common.csproj", "{BEB0F128-EB29-4465-AD2D-9649F1F9BC01}"
EndProject
Project("{9A19103F-16F7-4668-BE54-9A1E7A4F7556}") = "MyVet.Web", "MyVet.Web\MyVet.Web.csproj", "{15F69A01-F8F9-425B-BBA5-A4518D1FD71B}"
EndProject
Project("{FAE04EC0-301F-11D3-BF4B-00C04F79EFBC}") = "MyVet.Prism", "MyVet.Prism\MyVet.Prism\MyVet.Prism.csproj", "{BBA1AEEE-5E66-4A1F-A798-BD3CAE7D9B9A}"
EndProject
Project("{FAE04EC0-301F-11D3-BF4B-00C04F79EFBC}") = "MyVet.Prism.Android", "MyVet.Prism\MyVet.Prism.Android\MyVet.Prism.Android.csproj", "{8E6D2AF7-7BDD-40D5-B34A-AB378F635D57}"
EndProject
Project("{FAE04EC0-301F-11D3-BF4B-00C04F79EFBC}") = "MyVet.Prism.iOS", "MyVet.Prism\MyVet.Prism.iOS\MyVet.Prism.iOS.csproj", "{C9DA7156-A6E2-4E6E-B5AE-9EB1213B7783}"
EndProject
Global
	GlobalSection(SolutionConfigurationPlatforms) = preSolution
		Ad-Hoc|Any CPU = Ad-Hoc|Any CPU
		Ad-Hoc|iPhone = Ad-Hoc|iPhone
		Ad-Hoc|iPhoneSimulator = Ad-Hoc|iPhoneSimulator
		AppStore|Any CPU = AppStore|Any CPU
		AppStore|iPhone = AppStore|iPhone
		AppStore|iPhoneSimulator = AppStore|iPhoneSimulator
		Debug|Any CPU = Debug|Any CPU
		Debug|iPhone = Debug|iPhone
		Debug|iPhoneSimulator = Debug|iPhoneSimulator
		Release|Any CPU = Release|Any CPU
		Release|iPhone = Release|iPhone
		Release|iPhoneSimulator = Release|iPhoneSimulator
	EndGlobalSection
	GlobalSection(ProjectConfigurationPlatforms) = postSolution
		{BEB0F128-EB29-4465-AD2D-9649F1F9BC01}.Ad-Hoc|Any CPU.ActiveCfg = Release|Any CPU
		{BEB0F128-EB29-4465-AD2D-9649F1F9BC01}.Ad-Hoc|Any CPU.Build.0 = Release|Any CPU
		{BEB0F128-EB29-4465-AD2D-9649F1F9BC01}.Ad-Hoc|iPhone.ActiveCfg = Release|Any CPU
		{BEB0F128-EB29-4465-AD2D-9649F1F9BC01}.Ad-Hoc|iPhone.Build.0 = Release|Any CPU
		{BEB0F128-EB29-4465-AD2D-9649F1F9BC01}.Ad-Hoc|iPhoneSimulator.ActiveCfg = Release|Any CPU
		{BEB0F128-EB29-4465-AD2D-9649F1F9BC01}.Ad-Hoc|iPhoneSimulator.Build.0 = Release|Any CPU
		{BEB0F128-EB29-4465-AD2D-9649F1F9BC01}.AppStore|Any CPU.ActiveCfg = Release|Any CPU
		{BEB0F128-EB29-4465-AD2D-9649F1F9BC01}.AppStore|Any CPU.Build.0 = Release|Any CPU
		{BEB0F128-EB29-4465-AD2D-9649F1F9BC01}.AppStore|iPhone.ActiveCfg = Release|Any CPU
		{BEB0F128-EB29-4465-AD2D-9649F1F9BC01}.AppStore|iPhone.Build.0 = Release|Any CPU
		{BEB0F128-EB29-4465-AD2D-9649F1F9BC01}.AppStore|iPhoneSimulator.ActiveCfg = Release|Any CPU
		{BEB0F128-EB29-4465-AD2D-9649F1F9BC01}.AppStore|iPhoneSimulator.Build.0 = Release|Any CPU
		{BEB0F128-EB29-4465-AD2D-9649F1F9BC01}.Debug|Any CPU.ActiveCfg = Debug|Any CPU
		{BEB0F128-EB29-4465-AD2D-9649F1F9BC01}.Debug|Any CPU.Build.0 = Debug|Any CPU
		{BEB0F128-EB29-4465-AD2D-9649F1F9BC01}.Debug|iPhone.ActiveCfg = Debug|Any CPU
		{BEB0F128-EB29-4465-AD2D-9649F1F9BC01}.Debug|iPhone.Build.0 = Debug|Any CPU
		{BEB0F128-EB29-4465-AD2D-9649F1F9BC01}.Debug|iPhoneSimulator.ActiveCfg = Debug|Any CPU
		{BEB0F128-EB29-4465-AD2D-9649F1F9BC01}.Debug|iPhoneSimulator.Build.0 = Debug|Any CPU
		{BEB0F128-EB29-4465-AD2D-9649F1F9BC01}.Release|Any CPU.ActiveCfg = Release|Any CPU
		{BEB0F128-EB29-4465-AD2D-9649F1F9BC01}.Release|Any CPU.Build.0 = Release|Any CPU
		{BEB0F128-EB29-4465-AD2D-9649F1F9BC01}.Release|iPhone.ActiveCfg = Release|Any CPU
		{BEB0F128-EB29-4465-AD2D-9649F1F9BC01}.Release|iPhone.Build.0 = Release|Any CPU
		{BEB0F128-EB29-4465-AD2D-9649F1F9BC01}.Release|iPhoneSimulator.ActiveCfg = Release|Any CPU
		{BEB0F128-EB29-4465-AD2D-9649F1F9BC01}.Release|iPhoneSimulator.Build.0 = Release|Any CPU
		{15F69A01-F8F9-425B-BBA5-A4518D1FD71B}.Ad-Hoc|Any CPU.ActiveCfg = Release|Any CPU
		{15F69A01-F8F9-425B-BBA5-A4518D1FD71B}.Ad-Hoc|Any CPU.Build.0 = Release|Any CPU
		{15F69A01-F8F9-425B-BBA5-A4518D1FD71B}.Ad-Hoc|iPhone.ActiveCfg = Release|Any CPU
		{15F69A01-F8F9-425B-BBA5-A4518D1FD71B}.Ad-Hoc|iPhone.Build.0 = Release|Any CPU
		{15F69A01-F8F9-425B-BBA5-A4518D1FD71B}.Ad-Hoc|iPhoneSimulator.ActiveCfg = Release|Any CPU
		{15F69A01-F8F9-425B-BBA5-A4518D1FD71B}.Ad-Hoc|iPhoneSimulator.Build.0 = Release|Any CPU
		{15F69A01-F8F9-425B-BBA5-A4518D1FD71B}.AppStore|Any CPU.ActiveCfg = Release|Any CPU
		{15F69A01-F8F9-425B-BBA5-A4518D1FD71B}.AppStore|Any CPU.Build.0 = Release|Any CPU
		{15F69A01-F8F9-425B-BBA5-A4518D1FD71B}.AppStore|iPhone.ActiveCfg = Release|Any CPU
		{15F69A01-F8F9-425B-BBA5-A4518D1FD71B}.AppStore|iPhone.Build.0 = Release|Any CPU
		{15F69A01-F8F9-425B-BBA5-A4518D1FD71B}.AppStore|iPhoneSimulator.ActiveCfg = Release|Any CPU
		{15F69A01-F8F9-425B-BBA5-A4518D1FD71B}.AppStore|iPhoneSimulator.Build.0 = Release|Any CPU
		{15F69A01-F8F9-425B-BBA5-A4518D1FD71B}.Debug|Any CPU.ActiveCfg = Debug|Any CPU
		{15F69A01-F8F9-425B-BBA5-A4518D1FD71B}.Debug|Any CPU.Build.0 = Debug|Any CPU
		{15F69A01-F8F9-425B-BBA5-A4518D1FD71B}.Debug|iPhone.ActiveCfg = Debug|Any CPU
		{15F69A01-F8F9-425B-BBA5-A4518D1FD71B}.Debug|iPhone.Build.0 = Debug|Any CPU
		{15F69A01-F8F9-425B-BBA5-A4518D1FD71B}.Debug|iPhoneSimulator.ActiveCfg = Debug|Any CPU
		{15F69A01-F8F9-425B-BBA5-A4518D1FD71B}.Debug|iPhoneSimulator.Build.0 = Debug|Any CPU
		{15F69A01-F8F9-425B-BBA5-A4518D1FD71B}.Release|Any CPU.ActiveCfg = Release|Any CPU
		{15F69A01-F8F9-425B-BBA5-A4518D1FD71B}.Release|Any CPU.Build.0 = Release|Any CPU
		{15F69A01-F8F9-425B-BBA5-A4518D1FD71B}.Release|iPhone.ActiveCfg = Release|Any CPU
		{15F69A01-F8F9-425B-BBA5-A4518D1FD71B}.Release|iPhone.Build.0 = Release|Any CPU
		{15F69A01-F8F9-425B-BBA5-A4518D1FD71B}.Release|iPhoneSimulator.ActiveCfg = Release|Any CPU
		{15F69A01-F8F9-425B-BBA5-A4518D1FD71B}.Release|iPhoneSimulator.Build.0 = Release|Any CPU
		{BBA1AEEE-5E66-4A1F-A798-BD3CAE7D9B9A}.Ad-Hoc|Any CPU.ActiveCfg = Debug|Any CPU
		{BBA1AEEE-5E66-4A1F-A798-BD3CAE7D9B9A}.Ad-Hoc|Any CPU.Build.0 = Debug|Any CPU
		{BBA1AEEE-5E66-4A1F-A798-BD3CAE7D9B9A}.Ad-Hoc|iPhone.ActiveCfg = Debug|Any CPU
		{BBA1AEEE-5E66-4A1F-A798-BD3CAE7D9B9A}.Ad-Hoc|iPhone.Build.0 = Debug|Any CPU
		{BBA1AEEE-5E66-4A1F-A798-BD3CAE7D9B9A}.Ad-Hoc|iPhoneSimulator.ActiveCfg = Debug|Any CPU
		{BBA1AEEE-5E66-4A1F-A798-BD3CAE7D9B9A}.Ad-Hoc|iPhoneSimulator.Build.0 = Debug|Any CPU
		{BBA1AEEE-5E66-4A1F-A798-BD3CAE7D9B9A}.AppStore|Any CPU.ActiveCfg = Debug|Any CPU
		{BBA1AEEE-5E66-4A1F-A798-BD3CAE7D9B9A}.AppStore|Any CPU.Build.0 = Debug|Any CPU
		{BBA1AEEE-5E66-4A1F-A798-BD3CAE7D9B9A}.AppStore|iPhone.ActiveCfg = Debug|Any CPU
		{BBA1AEEE-5E66-4A1F-A798-BD3CAE7D9B9A}.AppStore|iPhone.Build.0 = Debug|Any CPU
		{BBA1AEEE-5E66-4A1F-A798-BD3CAE7D9B9A}.AppStore|iPhoneSimulator.ActiveCfg = Debug|Any CPU
		{BBA1AEEE-5E66-4A1F-A798-BD3CAE7D9B9A}.AppStore|iPhoneSimulator.Build.0 = Debug|Any CPU
		{BBA1AEEE-5E66-4A1F-A798-BD3CAE7D9B9A}.Debug|Any CPU.ActiveCfg = Debug|Any CPU
		{BBA1AEEE-5E66-4A1F-A798-BD3CAE7D9B9A}.Debug|Any CPU.Build.0 = Debug|Any CPU
		{BBA1AEEE-5E66-4A1F-A798-BD3CAE7D9B9A}.Debug|iPhone.ActiveCfg = Debug|Any CPU
		{BBA1AEEE-5E66-4A1F-A798-BD3CAE7D9B9A}.Debug|iPhone.Build.0 = Debug|Any CPU
		{BBA1AEEE-5E66-4A1F-A798-BD3CAE7D9B9A}.Debug|iPhoneSimulator.ActiveCfg = Debug|Any CPU
		{BBA1AEEE-5E66-4A1F-A798-BD3CAE7D9B9A}.Debug|iPhoneSimulator.Build.0 = Debug|Any CPU
		{BBA1AEEE-5E66-4A1F-A798-BD3CAE7D9B9A}.Release|Any CPU.ActiveCfg = Release|Any CPU
		{BBA1AEEE-5E66-4A1F-A798-BD3CAE7D9B9A}.Release|Any CPU.Build.0 = Release|Any CPU
		{BBA1AEEE-5E66-4A1F-A798-BD3CAE7D9B9A}.Release|iPhone.ActiveCfg = Release|Any CPU
		{BBA1AEEE-5E66-4A1F-A798-BD3CAE7D9B9A}.Release|iPhone.Build.0 = Release|Any CPU
		{BBA1AEEE-5E66-4A1F-A798-BD3CAE7D9B9A}.Release|iPhoneSimulator.ActiveCfg = Release|Any CPU
		{BBA1AEEE-5E66-4A1F-A798-BD3CAE7D9B9A}.Release|iPhoneSimulator.Build.0 = Release|Any CPU
		{8E6D2AF7-7BDD-40D5-B34A-AB378F635D57}.Ad-Hoc|Any CPU.ActiveCfg = Release|Any CPU
		{8E6D2AF7-7BDD-40D5-B34A-AB378F635D57}.Ad-Hoc|Any CPU.Build.0 = Release|Any CPU
		{8E6D2AF7-7BDD-40D5-B34A-AB378F635D57}.Ad-Hoc|Any CPU.Deploy.0 = Release|Any CPU
		{8E6D2AF7-7BDD-40D5-B34A-AB378F635D57}.Ad-Hoc|iPhone.ActiveCfg = Release|Any CPU
		{8E6D2AF7-7BDD-40D5-B34A-AB378F635D57}.Ad-Hoc|iPhone.Build.0 = Release|Any CPU
		{8E6D2AF7-7BDD-40D5-B34A-AB378F635D57}.Ad-Hoc|iPhone.Deploy.0 = Release|Any CPU
		{8E6D2AF7-7BDD-40D5-B34A-AB378F635D57}.Ad-Hoc|iPhoneSimulator.ActiveCfg = Release|Any CPU
		{8E6D2AF7-7BDD-40D5-B34A-AB378F635D57}.Ad-Hoc|iPhoneSimulator.Build.0 = Release|Any CPU
		{8E6D2AF7-7BDD-40D5-B34A-AB378F635D57}.Ad-Hoc|iPhoneSimulator.Deploy.0 = Release|Any CPU
		{8E6D2AF7-7BDD-40D5-B34A-AB378F635D57}.AppStore|Any CPU.ActiveCfg = Release|Any CPU
		{8E6D2AF7-7BDD-40D5-B34A-AB378F635D57}.AppStore|Any CPU.Build.0 = Release|Any CPU
		{8E6D2AF7-7BDD-40D5-B34A-AB378F635D57}.AppStore|Any CPU.Deploy.0 = Release|Any CPU
		{8E6D2AF7-7BDD-40D5-B34A-AB378F635D57}.AppStore|iPhone.ActiveCfg = Release|Any CPU
		{8E6D2AF7-7BDD-40D5-B34A-AB378F635D57}.AppStore|iPhone.Build.0 = Release|Any CPU
		{8E6D2AF7-7BDD-40D5-B34A-AB378F635D57}.AppStore|iPhone.Deploy.0 = Release|Any CPU
		{8E6D2AF7-7BDD-40D5-B34A-AB378F635D57}.AppStore|iPhoneSimulator.ActiveCfg = Release|Any CPU
		{8E6D2AF7-7BDD-40D5-B34A-AB378F635D57}.AppStore|iPhoneSimulator.Build.0 = Release|Any CPU
		{8E6D2AF7-7BDD-40D5-B34A-AB378F635D57}.AppStore|iPhoneSimulator.Deploy.0 = Release|Any CPU
		{8E6D2AF7-7BDD-40D5-B34A-AB378F635D57}.Debug|Any CPU.ActiveCfg = Debug|Any CPU
		{8E6D2AF7-7BDD-40D5-B34A-AB378F635D57}.Debug|Any CPU.Build.0 = Debug|Any CPU
		{8E6D2AF7-7BDD-40D5-B34A-AB378F635D57}.Debug|Any CPU.Deploy.0 = Debug|Any CPU
		{8E6D2AF7-7BDD-40D5-B34A-AB378F635D57}.Debug|iPhone.ActiveCfg = Debug|Any CPU
		{8E6D2AF7-7BDD-40D5-B34A-AB378F635D57}.Debug|iPhone.Build.0 = Debug|Any CPU
		{8E6D2AF7-7BDD-40D5-B34A-AB378F635D57}.Debug|iPhone.Deploy.0 = Debug|Any CPU
		{8E6D2AF7-7BDD-40D5-B34A-AB378F635D57}.Debug|iPhoneSimulator.ActiveCfg = Debug|Any CPU
		{8E6D2AF7-7BDD-40D5-B34A-AB378F635D57}.Debug|iPhoneSimulator.Build.0 = Debug|Any CPU
		{8E6D2AF7-7BDD-40D5-B34A-AB378F635D57}.Debug|iPhoneSimulator.Deploy.0 = Debug|Any CPU
		{8E6D2AF7-7BDD-40D5-B34A-AB378F635D57}.Release|Any CPU.ActiveCfg = Release|Any CPU
		{8E6D2AF7-7BDD-40D5-B34A-AB378F635D57}.Release|Any CPU.Build.0 = Release|Any CPU
		{8E6D2AF7-7BDD-40D5-B34A-AB378F635D57}.Release|Any CPU.Deploy.0 = Release|Any CPU
		{8E6D2AF7-7BDD-40D5-B34A-AB378F635D57}.Release|iPhone.ActiveCfg = Release|Any CPU
		{8E6D2AF7-7BDD-40D5-B34A-AB378F635D57}.Release|iPhone.Build.0 = Release|Any CPU
		{8E6D2AF7-7BDD-40D5-B34A-AB378F635D57}.Release|iPhone.Deploy.0 = Release|Any CPU
		{8E6D2AF7-7BDD-40D5-B34A-AB378F635D57}.Release|iPhoneSimulator.ActiveCfg = Release|Any CPU
		{8E6D2AF7-7BDD-40D5-B34A-AB378F635D57}.Release|iPhoneSimulator.Build.0 = Release|Any CPU
		{8E6D2AF7-7BDD-40D5-B34A-AB378F635D57}.Release|iPhoneSimulator.Deploy.0 = Release|Any CPU
		{C9DA7156-A6E2-4E6E-B5AE-9EB1213B7783}.Ad-Hoc|Any CPU.ActiveCfg = Ad-Hoc|iPhone
		{C9DA7156-A6E2-4E6E-B5AE-9EB1213B7783}.Ad-Hoc|iPhone.ActiveCfg = Ad-Hoc|iPhone
		{C9DA7156-A6E2-4E6E-B5AE-9EB1213B7783}.Ad-Hoc|iPhone.Build.0 = Ad-Hoc|iPhone
		{C9DA7156-A6E2-4E6E-B5AE-9EB1213B7783}.Ad-Hoc|iPhoneSimulator.ActiveCfg = Ad-Hoc|iPhoneSimulator
		{C9DA7156-A6E2-4E6E-B5AE-9EB1213B7783}.Ad-Hoc|iPhoneSimulator.Build.0 = Ad-Hoc|iPhoneSimulator
		{C9DA7156-A6E2-4E6E-B5AE-9EB1213B7783}.AppStore|Any CPU.ActiveCfg = AppStore|iPhone
		{C9DA7156-A6E2-4E6E-B5AE-9EB1213B7783}.AppStore|iPhone.ActiveCfg = AppStore|iPhone
		{C9DA7156-A6E2-4E6E-B5AE-9EB1213B7783}.AppStore|iPhone.Build.0 = AppStore|iPhone
		{C9DA7156-A6E2-4E6E-B5AE-9EB1213B7783}.AppStore|iPhoneSimulator.ActiveCfg = AppStore|iPhoneSimulator
		{C9DA7156-A6E2-4E6E-B5AE-9EB1213B7783}.AppStore|iPhoneSimulator.Build.0 = AppStore|iPhoneSimulator
		{C9DA7156-A6E2-4E6E-B5AE-9EB1213B7783}.Debug|Any CPU.ActiveCfg = Debug|iPhone
		{C9DA7156-A6E2-4E6E-B5AE-9EB1213B7783}.Debug|iPhone.ActiveCfg = Debug|iPhone
		{C9DA7156-A6E2-4E6E-B5AE-9EB1213B7783}.Debug|iPhone.Build.0 = Debug|iPhone
		{C9DA7156-A6E2-4E6E-B5AE-9EB1213B7783}.Debug|iPhoneSimulator.ActiveCfg = Debug|iPhoneSimulator
		{C9DA7156-A6E2-4E6E-B5AE-9EB1213B7783}.Debug|iPhoneSimulator.Build.0 = Debug|iPhoneSimulator
		{C9DA7156-A6E2-4E6E-B5AE-9EB1213B7783}.Release|Any CPU.ActiveCfg = Release|iPhone
		{C9DA7156-A6E2-4E6E-B5AE-9EB1213B7783}.Release|iPhone.ActiveCfg = Release|iPhone
		{C9DA7156-A6E2-4E6E-B5AE-9EB1213B7783}.Release|iPhone.Build.0 = Release|iPhone
		{C9DA7156-A6E2-4E6E-B5AE-9EB1213B7783}.Release|iPhoneSimulator.ActiveCfg = Release|iPhoneSimulator
		{C9DA7156-A6E2-4E6E-B5AE-9EB1213B7783}.Release|iPhoneSimulator.Build.0 = Release|iPhoneSimulator
	EndGlobalSection
	GlobalSection(SolutionProperties) = preSolution
		HideSolutionNode = FALSE
	EndGlobalSection
	GlobalSection(ExtensibilityGlobals) = postSolution
		SolutionGuid = {18CC9E93-65DD-4B78-97BE-D49F41F3465E}
	EndGlobalSection
EndGlobal
